
Microsoft Visual Studio Solution File, Format Version 12.00
# Visual Studio Version 17
VisualStudioVersion = 17.5.33530.505
MinimumVisualStudioVersion = 10.0.40219.1
Project("{8BC9CEB8-8B4A-11D0-8D11-00A0C91BC942}") = "C++22-2", "C++22-2\C++22-2.vcxproj", "{F68BBBC4-B325-42EE-B505-B4FFB424B96C}"
EndProject
Global
	GlobalSection(SolutionConfigurationPlatforms) = preSolution
		Debug|x64 = Debug|x64
		Debug|x86 = Debug|x86
		Release|x64 = Release|x64
		Release|x86 = Release|x86
	EndGlobalSection
	GlobalSection(ProjectConfigurationPlatforms) = postSolution
		{F68BBBC4-B325-42EE-B505-B4FFB424B96C}.Debug|x64.ActiveCfg = Debug|x64
		{F68BBBC4-B325-42EE-B505-B4FFB424B96C}.Debug|x64.Build.0 = Debug|x64
		{F68BBBC4-B325-42EE-B505-B4FFB424B96C}.Debug|x86.ActiveCfg = Debug|Win32
		{F68BBBC4-B325-42EE-B505-B4FFB424B96C}.Debug|x86.Build.0 = Debug|Win32
		{F68BBBC4-B325-42EE-B505-B4FFB424B96C}.Release|x64.ActiveCfg = Release|x64
		{F68BBBC4-B325-42EE-B505-B4FFB424B96C}.Release|x64.Build.0 = Release|x64
		{F68BBBC4-B325-42EE-B505-B4FFB424B96C}.Release|x86.ActiveCfg = Release|Win32
		{F68BBBC4-B325-42EE-B505-B4FFB424B96C}.Release|x86.Build.0 = Release|Win32
	EndGlobalSection
	GlobalSection(SolutionProperties) = preSolution
		HideSolutionNode = FALSE
	EndGlobalSection
	GlobalSection(ExtensibilityGlobals) = postSolution
		SolutionGuid = {BFE905C1-775A-4460-8FDD-D4980FBCA0C3}
	EndGlobalSection
EndGlobal
